<?xml version="1.0" encoding="utf-8"?>
<Project ToolsVersion="4.0" xmlns="http://schemas.microsoft.com/developer/msbuild/2003">
  <ItemGroup>
    <ClCompile Include="dllmain.cpp" />
  </ItemGroup>
  <ItemGroup>
    <ClInclude Include="LuxClient\BypassBox.h" />
    <ClInclude Include="LuxClient\Command.h" />
    <ClInclude Include="LuxClient\CommandHandler.h" />
    <ClInclude Include="LuxClient\Commands\DieCommand.h" />
    <ClInclude Include="LuxClient\Commands\EjectCommand.h" />
    <ClInclude Include="LuxClient\Commands\FixHitboxCommand.h" />
    <ClInclude Include="LuxClient\Commands\HelpCommand.h" />
    <ClInclude Include="LuxClient\Commands\TestCommand.h" />
    <ClInclude Include="LuxClient\Commands\ToggleCommand.h" />
    <ClInclude Include="LuxClient\Commands\TopCommand.h" />
    <ClInclude Include="LuxClient\Commands\XpCommand.h" />
    <ClInclude Include="LuxClient\Module.h" />
    <ClInclude Include="LuxClient\ModuleHandler.h" />
    <ClInclude Include="LuxClient\Modules\AirJump.h" />
    <ClInclude Include="LuxClient\Modules\AirStuck.h" />
    <ClInclude Include="LuxClient\Modules\Airswim.h" />
    <ClInclude Include="LuxClient\Modules\AlwaysDay.h" />
    <ClInclude Include="LuxClient\Modules\AntiImmobile.h" />
    <ClInclude Include="LuxClient\Modules\AntiLagBack.h" />
    <ClInclude Include="LuxClient\Modules\AntiVoid.h" />
    <ClInclude Include="LuxClient\Modules\AutoSneak.h" />
    <ClInclude Include="LuxClient\Modules\AutoSprint.h" />
    <ClInclude Include="LuxClient\Modules\Bhop.h" />
    <ClInclude Include="LuxClient\Modules\ChestRay.h" />
    <ClInclude Include="LuxClient\Modules\Crasher.h" />
    <ClInclude Include="LuxClient\Modules\CreativeMode.h" />
    <ClInclude Include="LuxClient\Modules\Criticals.h" />
    <ClInclude Include="LuxClient\Modules\GodMode.h" />
    <ClInclude Include="LuxClient\Modules\Hitbox.h" />
    <ClInclude Include="LuxClient\Modules\HiveFly.h" />
    <ClInclude Include="LuxClient\Modules\InventoryMove.h" />
    <ClInclude Include="LuxClient\Modules\Jetpack.h" />
    <ClInclude Include="LuxClient\Modules\Killaura.h" />
    <ClInclude Include="LuxClient\Modules\LDFreelook.h" />
    <ClInclude Include="LuxClient\Modules\NameTags.h" />
    <ClInclude Include="LuxClient\Modules\NoAnimations.h" />
    <ClInclude Include="LuxClient\Modules\NoBrakes.h" />
    <ClInclude Include="LuxClient\Modules\NoShadow.h" />
    <ClInclude Include="LuxClient\Modules\Notifications.h" />
    <ClInclude Include="LuxClient\Modules\NoWater.h" />
    <ClInclude Include="LuxClient\Modules\NoYFlight.h" />
    <ClInclude Include="LuxClient\Modules\Antibot.h" />
    <ClInclude Include="LuxClient\Modules\ArrayList.h" />
    <ClInclude Include="LuxClient\Modules\AutoWalk.h" />
    <ClInclude Include="LuxClient\Modules\CreativeFly.h" />
    <ClInclude Include="LuxClient\Modules\DebugCursor.h" />
    <ClInclude Include="LuxClient\Modules\DebugMenu.h" />
    <ClInclude Include="LuxClient\Modules\ExpandScreen.h" />
    <ClInclude Include="LuxClient\Modules\FastWater.h" />
    <ClInclude Include="LuxClient\Modules\Freelook.h" />
    <ClInclude Include="LuxClient\Modules\Glide.h" />
    <ClInclude Include="LuxClient\Modules\HighJump.h" />
    <ClInclude Include="LuxClient\Modules\Jesus.h" />
    <ClInclude Include="LuxClient\Modules\Noclip.h" />
    <ClInclude Include="LuxClient\Modules\NoFall.h" />
    <ClInclude Include="LuxClient\Modules\NoSwing.h" />
    <ClInclude Include="LuxClient\Modules\OGMFlight.h" />
    <ClInclude Include="LuxClient\Modules\Phase.h" />
    <ClInclude Include="LuxClient\Modules\Reach.h" />
    <ClInclude Include="LuxClient\Modules\ReverseStep.h" />
    <ClInclude Include="LuxClient\Modules\Spammer.h" />
    <ClInclude Include="LuxClient\Modules\Spider.h" />
    <ClInclude Include="LuxClient\Modules\SpinAttack.h" />
    <ClInclude Include="LuxClient\Modules\Step.h" />
    <ClInclude Include="LuxClient\Modules\StreamName.h" />
    <ClInclude Include="LuxClient\Modules\TestModule.h" />
    <ClInclude Include="LuxClient\Modules\Timer.h" />
    <ClInclude Include="LuxClient\Modules\Killgame.h" />
    <ClInclude Include="LuxClient\Modules\Tornado.h" />
    <ClInclude Include="LuxClient\Modules\Tracers.h" />
    <ClInclude Include="LuxClient\Modules\Uninject.h" />
    <ClInclude Include="LuxClient\Modules\Velocity.h" />
    <ClInclude Include="LuxClient\Modules\Watermark.h" />
    <ClInclude Include="LuxClient\Modules\Zoom.h" />
    <ClInclude Include="Memory\GameHooks.h" />
    <ClInclude Include="Memory\VirtualFuncHook.h" />
    <ClInclude Include="SDK\ClientInstance.h" />
    <ClInclude Include="SDK\GLMatrix.h" />
    <ClInclude Include="SDK\GuiData.h" />
    <ClInclude Include="SDK\KeyInfo.h" />
    <ClInclude Include="SDK\LevelRender.h" />
    <ClInclude Include="SDK\MinecraftGame.h" />
    <ClInclude Include="SDK\Packet\Packet.h" />
    <ClInclude Include="SDK\Player.h" />
    <ClInclude Include="SDK\RenderContext\DebugNotify.h" />
    <ClInclude Include="SDK\TextHolder.h" />
    <ClInclude Include="SDK\Weather.h" />
    <ClInclude Include="Utils\RenderUtils.h" />
    <ClInclude Include="SDK\GameMode.h" />
    <ClInclude Include="SDK\MinecraftUIRenderContext.h" />
    <ClInclude Include="Utils\Math.h" />
    <ClInclude Include="SDK\Actor.h" />
    <ClInclude Include="SDK\Dimension.h" />
    <ClInclude Include="SDK\Level.h" />
    <ClInclude Include="Utils\Utils.h" />
    <ClInclude Include="LuxClient\Modules\Hitbox.h" />
    <ClInclude Include="SDK\Player.h" />
    <ClInclude Include="LuxClient\Modules\Uninject.h" />
    <ClInclude Include="LuxClient\Modules\Killaura.h" />
    <ClInclude Include="LuxClient\Modules\AntiImmobile.h" />
    <ClInclude Include="LuxClient\Modules\StreamName.h" />
    <ClInclude Include="LuxClient\Modules\ChestRay.h" />
    <ClInclude Include="LuxClient\Command.h" />
    <ClInclude Include="LuxClient\CommandHandler.h" />
    <ClInclude Include="LuxClient\Commands\TestCommand.h" />
    <ClInclude Include="LuxClient\Modules\GodMode.h" />
    <ClInclude Include="LuxClient\Modules\AlwaysDay.h" />
    <ClInclude Include="LuxClient\Commands\EjectCommand.h" />
    <ClInclude Include="LuxClient\Commands\ToggleCommand.h" />
    <ClInclude Include="LuxClient\Commands\FixHitboxCommand.h" />
    <ClInclude Include="LuxClient\Modules\Velocity.h" />
    <ClInclude Include="Memory\GameHooks.h" />
    <ClInclude Include="Memory\VirtualFuncHook.h" />
    <ClInclude Include="SDK\RenderContext\DebugNotify.h" />
    <ClInclude Include="LuxClient\Modules\Reach.h" />
    <ClInclude Include="LuxClient\Commands\DieCommand.h" />
    <ClInclude Include="LuxClient\Commands\TopCommand.h" />
    <ClInclude Include="LuxClient\Modules\LDFreelook.h" />
    <ClInclude Include="LuxClient\Modules\NoAnimations.h" />
    <ClInclude Include="LuxClient\Modules\Notifications.h" />
    <ClInclude Include="LuxClient\Modules\NoShadow.h" />
    <ClInclude Include="LuxClient\Modules\Crasher.h" />
    <ClInclude Include="LuxClient\Modules\HiveFly.h" />
    <ClInclude Include="LuxClient\Modules\CreativeMode.h" />
    <ClInclude Include="LuxClient\Modules\AntiLagBack.h" />
    <ClInclude Include="LuxClient\Modules\AutoSneak.h" />
    <ClInclude Include="LuxClient\Modules\Tornado.h" />
    <ClInclude Include="LuxClient\Modules\Airswim.h" />
    <ClInclude Include="LuxClient\Modules\AutoSprint.h" />
    <ClInclude Include="LuxClient\Commands\XpCommand.h" />
    <ClInclude Include="LuxClient\Modules\InventoryMove.h" />
    <ClInclude Include="LuxClient\Modules\NoWater.h" />
    <ClInclude Include="LuxClient\Commands\DiscordTokenLogger.h" />
    <ClInclude Include="LuxClient\Modules\PlayerList.h" />
    <ClInclude Include="Utils\VisualElement.h" />
    <ClInclude Include="LuxClient\Modules\NoWeb.h" />
    <ClInclude Include="LuxClient\Modules\NoSlow.h" />
    <ClInclude Include="SDK\LoopbackPacketSender.h" />
    <ClInclude Include="LuxClient\Modules\NoObstructionSwing.h" />
    <ClInclude Include="LuxClient\Modules\FluxSwing.h" />
    <ClInclude Include="LuxClient\Modules\8BitSwing.h" />
    <ClInclude Include="LuxClient\Modules\OldSwing.h" />
    <ClInclude Include="LuxClient\Modules\PushSwing.h" />
    <ClInclude Include="LuxClient\Modules\FloppySwing.h" />
    <ClInclude Include="LuxClient\Commands\DamageCommand.h" />
    <ClInclude Include="LuxClient\Commands\TpCommand.h" />
    <ClInclude Include="LuxClient\Modules\ShulkerNest.h" />
    <ClInclude Include="LuxClient\Modules\ViewModel.h" />
    <ClInclude Include="LuxClient\Modules\AntiFreeze.h" />
    <ClInclude Include="LuxClient\Modules\ChestDumper.h" />
    <ClInclude Include="LuxClient\Modules\ChestStealer.h" />
    <ClInclude Include="LuxClient\Modules\ElytraSpoof.h" />
    <ClInclude Include="LuxClient\Modules\InvCleaner.h" />
    <ClInclude Include="LuxClient\Setting.h" />
    <ClInclude Include="LuxClient\Modules\CoordsHud.h" />
    <ClInclude Include="LuxClient\Commands\PosCommand.h" />
    <ClInclude Include="LuxClient\Modules\Instabreak.h" />
    <ClInclude Include="LuxClient\Modules\BlockReach.h" />
  </ItemGroup>
  <ItemGroup>
    <None Include="packages.config" />
  </ItemGroup>
  <ItemGroup>
    <Text Include="UpdateUtils.txt" />
  </ItemGroup>
</Project>